
Microsoft Visual Studio Solution File, Format Version 12.00
# Visual Studio Version 17
VisualStudioVersion = 17.0.31825.309
MinimumVisualStudioVersion = 10.0.40219.1
Project("{FAE04EC0-301F-11D3-BF4B-00C04F79EFBC}") = "ProjetoCSharp", "ProjetoCSharp\ProjetoCSharp.csproj", "{BA066B37-CD7D-405C-846B-FBA1CBBB7F4B}"
EndProject
Global
	GlobalSection(SolutionConfigurationPlatforms) = preSolution
		Debug|Any CPU = Debug|Any CPU
		Release|Any CPU = Release|Any CPU
	EndGlobalSection
	GlobalSection(ProjectConfigurationPlatforms) = postSolution
		{BA066B37-CD7D-405C-846B-FBA1CBBB7F4B}.Debug|Any CPU.ActiveCfg = Debug|Any CPU
		{BA066B37-CD7D-405C-846B-FBA1CBBB7F4B}.Debug|Any CPU.Build.0 = Debug|Any CPU
		{BA066B37-CD7D-405C-846B-FBA1CBBB7F4B}.Release|Any CPU.ActiveCfg = Release|Any CPU
		{BA066B37-CD7D-405C-846B-FBA1CBBB7F4B}.Release|Any CPU.Build.0 = Release|Any CPU
	EndGlobalSection
	GlobalSection(SolutionProperties) = preSolution
		HideSolutionNode = FALSE
	EndGlobalSection
	GlobalSection(ExtensibilityGlobals) = postSolution
		SolutionGuid = {D8B97BCB-0462-4CFC-9AB7-B94FE163F481}
	EndGlobalSection
EndGlobal
